
Microsoft Visual Studio Solution File, Format Version 12.00
# Visual Studio Version 17
VisualStudioVersion = 17.14.36202.13
MinimumVisualStudioVersion = 10.0.40219.1
Project("{FAE04EC0-301F-11D3-BF4B-00C04F79EFBC}") = "Evaluation_Workshop_Final_CDA_C#", "Evaluation_Workshop_Final_CDA_C#\Evaluation_Workshop_Final_CDA_C#.csproj", "{397695DD-8406-41D3-B070-8E338BFC7BD3}"
EndProject
Project("{FAE04EC0-301F-11D3-BF4B-00C04F79EFBC}") = "Eval_CDA-2025_Tests", "Eval_CDA-2025_Tests\Eval_CDA-2025_Tests.csproj", "{69741159-6610-430E-A257-61BEADBCC1A2}"
	ProjectSection(ProjectDependencies) = postProject
		{397695DD-8406-41D3-B070-8E338BFC7BD3} = {397695DD-8406-41D3-B070-8E338BFC7BD3}
	EndProjectSection
EndProject
Global
	GlobalSection(SolutionConfigurationPlatforms) = preSolution
		Debug|Any CPU = Debug|Any CPU
		Release|Any CPU = Release|Any CPU
	EndGlobalSection
	GlobalSection(ProjectConfigurationPlatforms) = postSolution
		{397695DD-8406-41D3-B070-8E338BFC7BD3}.Debug|Any CPU.ActiveCfg = Debug|Any CPU
		{397695DD-8406-41D3-B070-8E338BFC7BD3}.Debug|Any CPU.Build.0 = Debug|Any CPU
		{397695DD-8406-41D3-B070-8E338BFC7BD3}.Release|Any CPU.ActiveCfg = Release|Any CPU
		{397695DD-8406-41D3-B070-8E338BFC7BD3}.Release|Any CPU.Build.0 = Release|Any CPU
		{69741159-6610-430E-A257-61BEADBCC1A2}.Debug|Any CPU.ActiveCfg = Debug|Any CPU
		{69741159-6610-430E-A257-61BEADBCC1A2}.Debug|Any CPU.Build.0 = Debug|Any CPU
		{69741159-6610-430E-A257-61BEADBCC1A2}.Release|Any CPU.ActiveCfg = Release|Any CPU
		{69741159-6610-430E-A257-61BEADBCC1A2}.Release|Any CPU.Build.0 = Release|Any CPU
	EndGlobalSection
	GlobalSection(SolutionProperties) = preSolution
		HideSolutionNode = FALSE
	EndGlobalSection
	GlobalSection(ExtensibilityGlobals) = postSolution
		SolutionGuid = {C1DB0C08-7D28-4F4D-833A-51BC5C19FE0E}
	EndGlobalSection
EndGlobal
